
Microsoft Visual Studio Solution File, Format Version 12.00
# Visual Studio 15
VisualStudioVersion = 15.0.28307.902
MinimumVisualStudioVersion = 10.0.40219.1
Project("{FAE04EC0-301F-11D3-BF4B-00C04F79EFBC}") = "MaterialDesignLearning", "MaterialDesignLearning\MaterialDesignLearning.csproj", "{9EC2723C-5967-446F-8656-22C7090F908E}"
EndProject
Global
	GlobalSection(SolutionConfigurationPlatforms) = preSolution
		Debug|Any CPU = Debug|Any CPU
		Release|Any CPU = Release|Any CPU
	EndGlobalSection
	GlobalSection(ProjectConfigurationPlatforms) = postSolution
		{9EC2723C-5967-446F-8656-22C7090F908E}.Debug|Any CPU.ActiveCfg = Debug|Any CPU
		{9EC2723C-5967-446F-8656-22C7090F908E}.Debug|Any CPU.Build.0 = Debug|Any CPU
		{9EC2723C-5967-446F-8656-22C7090F908E}.Release|Any CPU.ActiveCfg = Release|Any CPU
		{9EC2723C-5967-446F-8656-22C7090F908E}.Release|Any CPU.Build.0 = Release|Any CPU
	EndGlobalSection
	GlobalSection(SolutionProperties) = preSolution
		HideSolutionNode = FALSE
	EndGlobalSection
	GlobalSection(ExtensibilityGlobals) = postSolution
		SolutionGuid = {7E6A1858-16F2-4ACD-AA18-A4CA7DB873FB}
	EndGlobalSection
EndGlobal
